
Microsoft Visual Studio Solution File, Format Version 12.00
# Visual Studio Version 17
VisualStudioVersion = 17.5.33516.290
MinimumVisualStudioVersion = 10.0.40219.1
Project("{FAE04EC0-301F-11D3-BF4B-00C04F79EFBC}") = "Ej_obligatorio_07", "Ej_obligatorio_07\Ej_obligatorio_07.csproj", "{20C7E834-189A-45F9-9C42-8CC558AF0E34}"
EndProject
Global
	GlobalSection(SolutionConfigurationPlatforms) = preSolution
		Debug|Any CPU = Debug|Any CPU
		Release|Any CPU = Release|Any CPU
	EndGlobalSection
	GlobalSection(ProjectConfigurationPlatforms) = postSolution
		{20C7E834-189A-45F9-9C42-8CC558AF0E34}.Debug|Any CPU.ActiveCfg = Debug|Any CPU
		{20C7E834-189A-45F9-9C42-8CC558AF0E34}.Debug|Any CPU.Build.0 = Debug|Any CPU
		{20C7E834-189A-45F9-9C42-8CC558AF0E34}.Release|Any CPU.ActiveCfg = Release|Any CPU
		{20C7E834-189A-45F9-9C42-8CC558AF0E34}.Release|Any CPU.Build.0 = Release|Any CPU
	EndGlobalSection
	GlobalSection(SolutionProperties) = preSolution
		HideSolutionNode = FALSE
	EndGlobalSection
	GlobalSection(ExtensibilityGlobals) = postSolution
		SolutionGuid = {8B076D01-1B17-4FD6-A66B-87B3D7104312}
	EndGlobalSection
EndGlobal
