
Microsoft Visual Studio Solution File, Format Version 12.00
# Visual Studio Version 17
VisualStudioVersion = 17.6.33815.320
MinimumVisualStudioVersion = 10.0.40219.1
Project("{FAE04EC0-301F-11D3-BF4B-00C04F79EFBC}") = "Ejer_form_03", "Ejer_form_03\Ejer_form_03.csproj", "{8599958E-688E-424A-83F2-51C785B2AAF5}"
EndProject
Global
	GlobalSection(SolutionConfigurationPlatforms) = preSolution
		Debug|Any CPU = Debug|Any CPU
		Release|Any CPU = Release|Any CPU
	EndGlobalSection
	GlobalSection(ProjectConfigurationPlatforms) = postSolution
		{8599958E-688E-424A-83F2-51C785B2AAF5}.Debug|Any CPU.ActiveCfg = Debug|Any CPU
		{8599958E-688E-424A-83F2-51C785B2AAF5}.Debug|Any CPU.Build.0 = Debug|Any CPU
		{8599958E-688E-424A-83F2-51C785B2AAF5}.Release|Any CPU.ActiveCfg = Release|Any CPU
		{8599958E-688E-424A-83F2-51C785B2AAF5}.Release|Any CPU.Build.0 = Release|Any CPU
	EndGlobalSection
	GlobalSection(SolutionProperties) = preSolution
		HideSolutionNode = FALSE
	EndGlobalSection
	GlobalSection(ExtensibilityGlobals) = postSolution
		SolutionGuid = {FB7F7FC5-8175-4424-A236-30DB6C93C772}
	EndGlobalSection
EndGlobal
