
Microsoft Visual Studio Solution File, Format Version 12.00
# Visual Studio Version 17
VisualStudioVersion = 17.6.33815.320
MinimumVisualStudioVersion = 10.0.40219.1
Project("{FAE04EC0-301F-11D3-BF4B-00C04F79EFBC}") = "Ningyou geki", "Ningyou geki\Ningyou geki.csproj", "{9FE48CC3-C0B4-4A33-BACB-DCFEFACD0AFE}"
EndProject
Global
	GlobalSection(SolutionConfigurationPlatforms) = preSolution
		Debug|Any CPU = Debug|Any CPU
		Release|Any CPU = Release|Any CPU
	EndGlobalSection
	GlobalSection(ProjectConfigurationPlatforms) = postSolution
		{9FE48CC3-C0B4-4A33-BACB-DCFEFACD0AFE}.Debug|Any CPU.ActiveCfg = Debug|Any CPU
		{9FE48CC3-C0B4-4A33-BACB-DCFEFACD0AFE}.Debug|Any CPU.Build.0 = Debug|Any CPU
		{9FE48CC3-C0B4-4A33-BACB-DCFEFACD0AFE}.Release|Any CPU.ActiveCfg = Release|Any CPU
		{9FE48CC3-C0B4-4A33-BACB-DCFEFACD0AFE}.Release|Any CPU.Build.0 = Release|Any CPU
	EndGlobalSection
	GlobalSection(SolutionProperties) = preSolution
		HideSolutionNode = FALSE
	EndGlobalSection
	GlobalSection(ExtensibilityGlobals) = postSolution
		SolutionGuid = {408D1E1A-5C91-4F33-840D-EE3C49DACD9A}
	EndGlobalSection
EndGlobal
