
Microsoft Visual Studio Solution File, Format Version 12.00
# Visual Studio Version 17
VisualStudioVersion = 17.6.33723.286
MinimumVisualStudioVersion = 10.0.40219.1
Project("{FAE04EC0-301F-11D3-BF4B-00C04F79EFBC}") = "Evaluacion_2do_Bim", "Evaluacion_2do_Bim\Evaluacion_2do_Bim.csproj", "{B42E7CC6-912E-4F7A-851E-0D3243452559}"
EndProject
Global
	GlobalSection(SolutionConfigurationPlatforms) = preSolution
		Debug|Any CPU = Debug|Any CPU
		Release|Any CPU = Release|Any CPU
	EndGlobalSection
	GlobalSection(ProjectConfigurationPlatforms) = postSolution
		{B42E7CC6-912E-4F7A-851E-0D3243452559}.Debug|Any CPU.ActiveCfg = Debug|Any CPU
		{B42E7CC6-912E-4F7A-851E-0D3243452559}.Debug|Any CPU.Build.0 = Debug|Any CPU
		{B42E7CC6-912E-4F7A-851E-0D3243452559}.Release|Any CPU.ActiveCfg = Release|Any CPU
		{B42E7CC6-912E-4F7A-851E-0D3243452559}.Release|Any CPU.Build.0 = Release|Any CPU
	EndGlobalSection
	GlobalSection(SolutionProperties) = preSolution
		HideSolutionNode = FALSE
	EndGlobalSection
	GlobalSection(ExtensibilityGlobals) = postSolution
		SolutionGuid = {3633DE3B-27A6-4189-8D14-050A9D74CFAF}
	EndGlobalSection
EndGlobal
