
Microsoft Visual Studio Solution File, Format Version 12.00
# Visual Studio Version 16
VisualStudioVersion = 16.0.33529.622
MinimumVisualStudioVersion = 10.0.40219.1
Project("{FAE04EC0-301F-11D3-BF4B-00C04F79EFBC}") = "Ej_obligatorio_01", "Ej_obligatorio_01\Ej_obligatorio_01.csproj", "{961B6DBF-81C5-422F-B8F9-B98B4CDC07CE}"
EndProject
Global
	GlobalSection(SolutionConfigurationPlatforms) = preSolution
		Debug|Any CPU = Debug|Any CPU
		Release|Any CPU = Release|Any CPU
	EndGlobalSection
	GlobalSection(ProjectConfigurationPlatforms) = postSolution
		{961B6DBF-81C5-422F-B8F9-B98B4CDC07CE}.Debug|Any CPU.ActiveCfg = Debug|Any CPU
		{961B6DBF-81C5-422F-B8F9-B98B4CDC07CE}.Debug|Any CPU.Build.0 = Debug|Any CPU
		{961B6DBF-81C5-422F-B8F9-B98B4CDC07CE}.Release|Any CPU.ActiveCfg = Release|Any CPU
		{961B6DBF-81C5-422F-B8F9-B98B4CDC07CE}.Release|Any CPU.Build.0 = Release|Any CPU
	EndGlobalSection
	GlobalSection(SolutionProperties) = preSolution
		HideSolutionNode = FALSE
	EndGlobalSection
	GlobalSection(ExtensibilityGlobals) = postSolution
		SolutionGuid = {CC84090B-F805-49F9-AD2D-6C33FE663C62}
	EndGlobalSection
EndGlobal
