
Microsoft Visual Studio Solution File, Format Version 12.00
# Visual Studio Version 16
VisualStudioVersion = 16.0.33529.622
MinimumVisualStudioVersion = 10.0.40219.1
Project("{FAE04EC0-301F-11D3-BF4B-00C04F79EFBC}") = "Ej_obligatorio_08", "Ej_obligatorio_08\Ej_obligatorio_08.csproj", "{FB78CA34-AFAC-4A67-8CCD-0A21EB4148A1}"
EndProject
Global
	GlobalSection(SolutionConfigurationPlatforms) = preSolution
		Debug|Any CPU = Debug|Any CPU
		Release|Any CPU = Release|Any CPU
	EndGlobalSection
	GlobalSection(ProjectConfigurationPlatforms) = postSolution
		{FB78CA34-AFAC-4A67-8CCD-0A21EB4148A1}.Debug|Any CPU.ActiveCfg = Debug|Any CPU
		{FB78CA34-AFAC-4A67-8CCD-0A21EB4148A1}.Debug|Any CPU.Build.0 = Debug|Any CPU
		{FB78CA34-AFAC-4A67-8CCD-0A21EB4148A1}.Release|Any CPU.ActiveCfg = Release|Any CPU
		{FB78CA34-AFAC-4A67-8CCD-0A21EB4148A1}.Release|Any CPU.Build.0 = Release|Any CPU
	EndGlobalSection
	GlobalSection(SolutionProperties) = preSolution
		HideSolutionNode = FALSE
	EndGlobalSection
	GlobalSection(ExtensibilityGlobals) = postSolution
		SolutionGuid = {4B1E9BA5-1F7B-49D8-BB42-E5D3F4136800}
	EndGlobalSection
EndGlobal
