
Microsoft Visual Studio Solution File, Format Version 12.00
# Visual Studio Version 17
VisualStudioVersion = 17.5.33530.505
MinimumVisualStudioVersion = 10.0.40219.1
Project("{FAE04EC0-301F-11D3-BF4B-00C04F79EFBC}") = "Ejer_form_02", "Ejer_form_02\Ejer_form_02.csproj", "{183A5A9B-EA1C-43FB-954A-D158FC16155C}"
EndProject
Global
	GlobalSection(SolutionConfigurationPlatforms) = preSolution
		Debug|Any CPU = Debug|Any CPU
		Release|Any CPU = Release|Any CPU
	EndGlobalSection
	GlobalSection(ProjectConfigurationPlatforms) = postSolution
		{183A5A9B-EA1C-43FB-954A-D158FC16155C}.Debug|Any CPU.ActiveCfg = Debug|Any CPU
		{183A5A9B-EA1C-43FB-954A-D158FC16155C}.Debug|Any CPU.Build.0 = Debug|Any CPU
		{183A5A9B-EA1C-43FB-954A-D158FC16155C}.Release|Any CPU.ActiveCfg = Release|Any CPU
		{183A5A9B-EA1C-43FB-954A-D158FC16155C}.Release|Any CPU.Build.0 = Release|Any CPU
	EndGlobalSection
	GlobalSection(SolutionProperties) = preSolution
		HideSolutionNode = FALSE
	EndGlobalSection
	GlobalSection(ExtensibilityGlobals) = postSolution
		SolutionGuid = {4178BD2F-316F-4171-9D5B-81D4B62DE907}
	EndGlobalSection
EndGlobal
