
Microsoft Visual Studio Solution File, Format Version 12.00
# Visual Studio Version 17
VisualStudioVersion = 17.7.34018.315
MinimumVisualStudioVersion = 10.0.40219.1
Project("{FAE04EC0-301F-11D3-BF4B-00C04F79EFBC}") = "Project1b", "Project1b\Project1b.csproj", "{EFD125D1-BDB3-48B0-A2E9-904CEE8734BF}"
EndProject
Global
	GlobalSection(SolutionConfigurationPlatforms) = preSolution
		Debug|Any CPU = Debug|Any CPU
		Release|Any CPU = Release|Any CPU
	EndGlobalSection
	GlobalSection(ProjectConfigurationPlatforms) = postSolution
		{EFD125D1-BDB3-48B0-A2E9-904CEE8734BF}.Debug|Any CPU.ActiveCfg = Debug|Any CPU
		{EFD125D1-BDB3-48B0-A2E9-904CEE8734BF}.Debug|Any CPU.Build.0 = Debug|Any CPU
		{EFD125D1-BDB3-48B0-A2E9-904CEE8734BF}.Release|Any CPU.ActiveCfg = Release|Any CPU
		{EFD125D1-BDB3-48B0-A2E9-904CEE8734BF}.Release|Any CPU.Build.0 = Release|Any CPU
	EndGlobalSection
	GlobalSection(SolutionProperties) = preSolution
		HideSolutionNode = FALSE
	EndGlobalSection
	GlobalSection(ExtensibilityGlobals) = postSolution
		SolutionGuid = {8FF29105-8BDC-416C-A3E7-F2DC6A4E3A65}
	EndGlobalSection
EndGlobal
